{
  "name": "neataptic-test",
  "version": "1.0.0",
  "lockfileVersion": 1,
  "requires": true,
  "dependencies": {
    "@liquid-carrot/carrot": {
      "version": "0.3.18",
      "resolved": "https://registry.npmjs.org/@liquid-carrot/carrot/-/carrot-0.3.18.tgz",
      "integrity": "sha512-HvLgO0R5i3vVlG/EwQ36h0u/YkgiZb0ht2PjIYEnFy2SDu2+EzgvPTj3Yva4Id8waj7XCtVfv0RTBfiseAYrXw==",
      "requires": {
        "lodash": "^4.17.15"
      }
    },
    "lodash": {
      "version": "4.17.21",
      "resolved": "https://registry.npmjs.org/lodash/-/lodash-4.17.21.tgz",
      "integrity": "sha512-v2kDEe57lecTulaDIuNTPy3Ry4gLGJ6Z1O3vE1krgXZNrsQ+LFTGHVxVjcXPs17LhbZVGedAJv8XZ1tvj5FvSg=="
    },
    "simple-statistics": {
      "version": "7.0.7",
      "resolved": "https://registry.npmjs.org/simple-statistics/-/simple-statistics-7.0.7.tgz",
      "integrity": "sha512-UnBGuxYzduYZ9ab2ENug7Ht1iLJ/xw1sVHXeasrdIcNX/CIYxYmXk1QJyI/M/GF5vZ9W1MkbOgnL7fX1CSis4A=="
    }
  }
}
